
Microsoft Visual Studio Solution File, Format Version 12.00
# Visual Studio Version 18
VisualStudioVersion = 18.0.11222.15
MinimumVisualStudioVersion = 10.0.40219.1
Project("{FAE04EC0-301F-11D3-BF4B-00C04F79EFBC}") = "InterfaceImplAsExtensionGenerator", "InterfaceImplAsExtensionGenerator\InterfaceImplAsExtensionGenerator.csproj", "{185D0EB9-2A3C-E108-9F23-969748EE3C5D}"
EndProject
Project("{FAE04EC0-301F-11D3-BF4B-00C04F79EFBC}") = "TreeCollection", "TreeCollection\TreeCollection.csproj", "{FF89B303-52E2-F132-CFB4-B80D7985DD88}"
EndProject
Project("{FAE04EC0-301F-11D3-BF4B-00C04F79EFBC}") = "FusionCacheReference", "FusionCacheReference\FusionCacheReference.csproj", "{C42775F6-26D0-4007-B7F7-550C75E574E0}"
EndProject
Project("{FAE04EC0-301F-11D3-BF4B-00C04F79EFBC}") = "WarframeMarketQuery", "WarframeMarketQuery\WarframeMarketQuery.csproj", "{F9EC9537-F317-46B4-94F2-04E3C9A0F754}"
EndProject
Project("{FAE04EC0-301F-11D3-BF4B-00C04F79EFBC}") = "OpenAiReference", "OpenAiReference\OpenAiReference.csproj", "{7239CF8C-F646-4F26-8366-6689667D3DFC}"
EndProject
Project("{FAE04EC0-301F-11D3-BF4B-00C04F79EFBC}") = "WarframeMarketQueryWPF", "WarframeMarketQueryWPF\WarframeMarketQueryWPF.csproj", "{79649706-5A2B-CC16-FF6E-9C0B3B33E27E}"
EndProject
Project("{FAE04EC0-301F-11D3-BF4B-00C04F79EFBC}") = "AllReference", "AllReference\AllReference.csproj", "{F9095424-E177-671A-6EEE-CECB99094B2B}"
EndProject
Global
	GlobalSection(SolutionConfigurationPlatforms) = preSolution
		Debug|Any CPU = Debug|Any CPU
		Release|Any CPU = Release|Any CPU
	EndGlobalSection
	GlobalSection(ProjectConfigurationPlatforms) = postSolution
		{185D0EB9-2A3C-E108-9F23-969748EE3C5D}.Debug|Any CPU.ActiveCfg = Debug|Any CPU
		{185D0EB9-2A3C-E108-9F23-969748EE3C5D}.Debug|Any CPU.Build.0 = Debug|Any CPU
		{185D0EB9-2A3C-E108-9F23-969748EE3C5D}.Release|Any CPU.ActiveCfg = Release|Any CPU
		{185D0EB9-2A3C-E108-9F23-969748EE3C5D}.Release|Any CPU.Build.0 = Release|Any CPU
		{FF89B303-52E2-F132-CFB4-B80D7985DD88}.Debug|Any CPU.ActiveCfg = Debug|Any CPU
		{FF89B303-52E2-F132-CFB4-B80D7985DD88}.Debug|Any CPU.Build.0 = Debug|Any CPU
		{FF89B303-52E2-F132-CFB4-B80D7985DD88}.Release|Any CPU.ActiveCfg = Release|Any CPU
		{FF89B303-52E2-F132-CFB4-B80D7985DD88}.Release|Any CPU.Build.0 = Release|Any CPU
		{C42775F6-26D0-4007-B7F7-550C75E574E0}.Debug|Any CPU.ActiveCfg = Debug|Any CPU
		{C42775F6-26D0-4007-B7F7-550C75E574E0}.Debug|Any CPU.Build.0 = Debug|Any CPU
		{C42775F6-26D0-4007-B7F7-550C75E574E0}.Release|Any CPU.ActiveCfg = Release|Any CPU
		{C42775F6-26D0-4007-B7F7-550C75E574E0}.Release|Any CPU.Build.0 = Release|Any CPU
		{F9EC9537-F317-46B4-94F2-04E3C9A0F754}.Debug|Any CPU.ActiveCfg = Debug|Any CPU
		{F9EC9537-F317-46B4-94F2-04E3C9A0F754}.Debug|Any CPU.Build.0 = Debug|Any CPU
		{F9EC9537-F317-46B4-94F2-04E3C9A0F754}.Release|Any CPU.ActiveCfg = Release|Any CPU
		{F9EC9537-F317-46B4-94F2-04E3C9A0F754}.Release|Any CPU.Build.0 = Release|Any CPU
		{7239CF8C-F646-4F26-8366-6689667D3DFC}.Debug|Any CPU.ActiveCfg = Debug|Any CPU
		{7239CF8C-F646-4F26-8366-6689667D3DFC}.Debug|Any CPU.Build.0 = Debug|Any CPU
		{7239CF8C-F646-4F26-8366-6689667D3DFC}.Release|Any CPU.ActiveCfg = Release|Any CPU
		{7239CF8C-F646-4F26-8366-6689667D3DFC}.Release|Any CPU.Build.0 = Release|Any CPU
		{79649706-5A2B-CC16-FF6E-9C0B3B33E27E}.Debug|Any CPU.ActiveCfg = Debug|Any CPU
		{79649706-5A2B-CC16-FF6E-9C0B3B33E27E}.Debug|Any CPU.Build.0 = Debug|Any CPU
		{79649706-5A2B-CC16-FF6E-9C0B3B33E27E}.Release|Any CPU.ActiveCfg = Release|Any CPU
		{79649706-5A2B-CC16-FF6E-9C0B3B33E27E}.Release|Any CPU.Build.0 = Release|Any CPU
		{F9095424-E177-671A-6EEE-CECB99094B2B}.Debug|Any CPU.ActiveCfg = Debug|Any CPU
		{F9095424-E177-671A-6EEE-CECB99094B2B}.Debug|Any CPU.Build.0 = Debug|Any CPU
		{F9095424-E177-671A-6EEE-CECB99094B2B}.Release|Any CPU.ActiveCfg = Release|Any CPU
		{F9095424-E177-671A-6EEE-CECB99094B2B}.Release|Any CPU.Build.0 = Release|Any CPU
	EndGlobalSection
	GlobalSection(SolutionProperties) = preSolution
		HideSolutionNode = FALSE
	EndGlobalSection
	GlobalSection(ExtensibilityGlobals) = postSolution
		SolutionGuid = {21CEA1E2-860D-4C43-8A69-DF21545107E4}
	EndGlobalSection
EndGlobal
