
Microsoft Visual Studio Solution File, Format Version 12.00
# Visual Studio Version 17
VisualStudioVersion = 17.13.35931.197 d17.13
MinimumVisualStudioVersion = 10.0.40219.1
Project("{FAE04EC0-301F-11D3-BF4B-00C04F79EFBC}") = "zms9110750Library", "zms9110750Library\zms9110750Library.csproj", "{F81AE209-C486-4589-B3DA-50F1C64970FC}"
EndProject
Global
	GlobalSection(SolutionConfigurationPlatforms) = preSolution
		Debug|Any CPU = Debug|Any CPU
		Release|Any CPU = Release|Any CPU
	EndGlobalSection
	GlobalSection(ProjectConfigurationPlatforms) = postSolution
		{F81AE209-C486-4589-B3DA-50F1C64970FC}.Debug|Any CPU.ActiveCfg = Debug|Any CPU
		{F81AE209-C486-4589-B3DA-50F1C64970FC}.Debug|Any CPU.Build.0 = Debug|Any CPU
		{F81AE209-C486-4589-B3DA-50F1C64970FC}.Release|Any CPU.ActiveCfg = Release|Any CPU
		{F81AE209-C486-4589-B3DA-50F1C64970FC}.Release|Any CPU.Build.0 = Release|Any CPU
	EndGlobalSection
	GlobalSection(SolutionProperties) = preSolution
		HideSolutionNode = FALSE
	EndGlobalSection
	GlobalSection(ExtensibilityGlobals) = postSolution
		SolutionGuid = {21CEA1E2-860D-4C43-8A69-DF21545107E4}
	EndGlobalSection
EndGlobal
